<?xml version="1.0" encoding="utf-8"?>
<Project ToolsVersion="4.0" xmlns="http://schemas.microsoft.com/developer/msbuild/2003">
  <ItemGroup>
    <ClCompile Include="Application.cpp" />
    <ClCompile Include="PhoenixEngine.cpp" />
    <ClCompile Include="GamePad.cpp" />
    <ClCompile Include="Globals.cpp" />
    <ClCompile Include="Keyboard.cpp" />
    <ClCompile Include="ModuleInput.cpp" />
    <ClCompile Include="Mouse.cpp" />
    <ClCompile Include="SimpleMath.cpp" />
    <ClCompile Include="3rdParty\imgui-docking\imgui.cpp">
      <Filter>imgui</Filter>
    </ClCompile>
    <ClCompile Include="3rdParty\imgui-docking\imgui_demo.cpp">
      <Filter>imgui</Filter>
    </ClCompile>
    <ClCompile Include="3rdParty\imgui-docking\imgui_draw.cpp">
      <Filter>imgui</Filter>
    </ClCompile>
    <ClCompile Include="3rdParty\imgui-docking\backends\imgui_impl_dx12.cpp">
      <Filter>imgui</Filter>
    </ClCompile>
    <ClCompile Include="3rdParty\imgui-docking\backends\imgui_impl_win32.cpp">
      <Filter>imgui</Filter>
    </ClCompile>
    <ClCompile Include="3rdParty\imgui-docking\imgui_tables.cpp">
      <Filter>imgui</Filter>
    </ClCompile>
    <ClCompile Include="3rdParty\imgui-docking\imgui_widgets.cpp">
      <Filter>imgui</Filter>
    </ClCompile>
    <ClCompile Include="3rdParty\ImGuizmo\ImGuizmo.cpp">
      <Filter>imgui</Filter>
    </ClCompile>
    <ClCompile Include="ImGuiPass.cpp">
      <Filter>Passes</Filter>
    </ClCompile>
    <ClCompile Include="DebugDrawPass.cpp">
      <Filter>Passes</Filter>
    </ClCompile>
    <ClCompile Include="ModuleD3D12.cpp" />
    <ClCompile Include="GraphicsSamplers.cpp" />
    <ClCompile Include="ModuleResources.cpp" />
    <ClCompile Include="MathUtils.cpp" />
    <ClCompile Include="ModuleCamera.cpp" />
    <ClCompile Include="ModuleEditor.cpp" />
    <ClCompile Include="ModuleTextureSampler.cpp" />
    <ClCompile Include="ModuleShaderDescriptors.cpp" />
    <ClCompile Include="ShaderTableDesc.cpp" />
    <ClCompile Include="Material.cpp" />
    <ClCompile Include="Mesh.cpp" />
    <ClCompile Include="Model.cpp" />
    <ClCompile Include="ModuleModelViewer.cpp" />
    <ClCompile Include="ModuleRingBuffer.cpp" />
    <ClCompile Include="RenderTexture.cpp" />
  </ItemGroup>
  <ItemGroup>
    <ClInclude Include="Application.h" />
    <ClInclude Include="debug_draw.hpp" />
    <ClInclude Include="PhoenixEngine.h" />
    <ClInclude Include="GamePad.h" />
    <ClInclude Include="Globals.h" />
    <ClInclude Include="Keyboard.h" />
    <ClInclude Include="Module.h" />
    <ClInclude Include="ModuleInput.h" />
    <ClInclude Include="Mouse.h" />
    <ClInclude Include="PlatformHelpers.h" />
    <ClInclude Include="ReadData.h" />
    <ClInclude Include="SimpleMath.h" />
    <ClInclude Include="3rdParty\imgui-docking\imgui.h">
      <Filter>imgui</Filter>
    </ClInclude>
    <ClInclude Include="3rdParty\imgui-docking\backends\imgui_impl_dx12.h">
      <Filter>imgui</Filter>
    </ClInclude>
    <ClInclude Include="3rdParty\imgui-1.89.8\backends\imgui_impl_win32.h">
      <Filter>imgui</Filter>
    </ClInclude>
    <ClInclude Include="3rdParty\imgui-docking\backends\imgui_impl_win32.h">
      <Filter>imgui</Filter>
    </ClInclude>
    <ClInclude Include="3rdParty\imgui-docking\imgui_internal.h">
      <Filter>imgui</Filter>
    </ClInclude>
    <ClInclude Include="3rdParty\ImGuizmo\ImGuizmo.h">
      <Filter>imgui</Filter>
    </ClInclude>
    <ClInclude Include="ImGuiPass.h">
      <Filter>Passes</Filter>
    </ClInclude>
    <ClInclude Include="DebugDrawPass.h">
      <Filter>Passes</Filter>
    </ClInclude>
    <ClInclude Include="framework.h">
      <Filter>Win</Filter>
    </ClInclude>
    <ClInclude Include="targetver.h">
      <Filter>Win</Filter>
    </ClInclude>
    <ClInclude Include="Resource.h">
      <Filter>Win</Filter>
    </ClInclude>
    <ClInclude Include="ModuleD3D12.h" />
    <ClInclude Include="GraphicsSamplers.h" />
    <ClInclude Include="ModuleResources.h" />
    <ClInclude Include="MathUtils.h" />
    <ClInclude Include="ModuleCamera.h" />
    <ClInclude Include="ModuleEditor.h" />
    <ClInclude Include="ModuleTextureSampler.h" />
    <ClInclude Include="ModuleShaderDescriptors.h" />
    <ClInclude Include="ShaderTableDesc.h" />
    <ClInclude Include="Material.h" />
    <ClInclude Include="Mesh.h" />
    <ClInclude Include="Model.h" />
    <ClInclude Include="gltf_utils.h" />
    <ClInclude Include="ModuleModelViewer.h" />
    <ClInclude Include="ModuleRingBuffer.h" />
    <ClInclude Include="RenderTexture.h" />
  </ItemGroup>
  <ItemGroup>
    <Image Include="small.ico">
      <Filter>Win</Filter>
    </Image>
    <Image Include="Engine.ico">
      <Filter>Win</Filter>
    </Image>
  </ItemGroup>
  <ItemGroup>
    <None Include="SimpleMath.inl" />
    <None Include="packages.config" />
    <None Include="ModelSampler.hlsli">
      <Filter>Shaders</Filter>
    </None>
  </ItemGroup>
  <ItemGroup>
    <Filter Include="imgui">
      <UniqueIdentifier>{63f02602-225f-4f0a-9213-e082ed36c04d}</UniqueIdentifier>
    </Filter>
    <Filter Include="Passes">
      <UniqueIdentifier>{cfd145a4-246d-4cf4-82a9-d9bc929bbf9c}</UniqueIdentifier>
    </Filter>
    <Filter Include="Win">
      <UniqueIdentifier>{ef73e4b0-04e2-49c1-a096-c5dba20c0af1}</UniqueIdentifier>
    </Filter>
    <Filter Include="Shaders">
      <UniqueIdentifier>{06295b1e-4250-4577-a3ee-f1f32904bf6e}</UniqueIdentifier>
    </Filter>
  </ItemGroup>
  <ItemGroup>
    <ResourceCompile Include="Engine.rc">
      <Filter>Win</Filter>
    </ResourceCompile>
  </ItemGroup>
  <ItemGroup>
    <FxCompile Include="TextureSamplerPS.hlsl">
      <Filter>Shaders</Filter>
    </FxCompile>
    <FxCompile Include="TextureSamplerVS.hlsl">
      <Filter>Shaders</Filter>
    </FxCompile>
    <FxCompile Include="ModelSamplerPS.hlsl">
      <Filter>Shaders</Filter>
    </FxCompile>
    <FxCompile Include="ModelSamplerVS.hlsl">
      <Filter>Shaders</Filter>
    </FxCompile>
  </ItemGroup>
</Project>