<?xml version="1.0" encoding="utf-8"?>
<Project ToolsVersion="4.0" xmlns="http://schemas.microsoft.com/developer/msbuild/2003">
  <ItemGroup>
    <!-- ============================================================ -->
    <!-- Engine\UI\ImGui  (third party — unchanged)                   -->
    <!-- ============================================================ -->
    <ClCompile Include="3rdParty\imgui-docking\imgui.cpp">
      <Filter>Engine\UI\ImGui</Filter>
    </ClCompile>
    <ClCompile Include="3rdParty\imgui-docking\imgui_demo.cpp">
      <Filter>Engine\UI\ImGui</Filter>
    </ClCompile>
    <ClCompile Include="3rdParty\imgui-docking\imgui_draw.cpp">
      <Filter>Engine\UI\ImGui</Filter>
    </ClCompile>
    <ClCompile Include="3rdParty\imgui-docking\imgui_tables.cpp">
      <Filter>Engine\UI\ImGui</Filter>
    </ClCompile>
    <ClCompile Include="3rdParty\imgui-docking\imgui_widgets.cpp">
      <Filter>Engine\UI\ImGui</Filter>
    </ClCompile>
    <ClCompile Include="3rdParty\ImGuizmo\ImGuizmo.cpp">
      <Filter>Engine\UI\ImGui</Filter>
    </ClCompile>
    <ClCompile Include="3rdParty\imgui-docking\backends\imgui_impl_dx12.cpp">
      <Filter>Engine\UI\ImGui\Backends</Filter>
    </ClCompile>
    <ClCompile Include="3rdParty\imgui-docking\backends\imgui_impl_win32.cpp">
      <Filter>Engine\UI\ImGui\Backends</Filter>
    </ClCompile>
    <!-- ============================================================ -->
    <!-- Engine\Core                                                   -->
    <!-- ============================================================ -->
    <ClCompile Include="Application.cpp">
      <Filter>Engine\Core</Filter>
    </ClCompile>
    <ClCompile Include="Globals.cpp">
      <Filter>Engine\Core</Filter>
    </ClCompile>
    <ClCompile Include="PhoenixEngine.cpp">
      <Filter>Engine\Core</Filter>
    </ClCompile>
    <ClCompile Include="ModuleFileSystem.cpp">
      <Filter>Engine\Core</Filter>
    </ClCompile>
    <!-- ============================================================ -->
    <!-- Engine\Input                                                  -->
    <!-- ============================================================ -->
    <ClCompile Include="GamePad.cpp">
      <Filter>Engine\Input</Filter>
    </ClCompile>
    <ClCompile Include="Keyboard.cpp">
      <Filter>Engine\Input</Filter>
    </ClCompile>
    <ClCompile Include="Mouse.cpp">
      <Filter>Engine\Input</Filter>
    </ClCompile>
    <ClCompile Include="ModuleInput.cpp">
      <Filter>Engine\Input</Filter>
    </ClCompile>
    <!-- ============================================================ -->
    <!-- Engine\Math                                                   -->
    <!-- ============================================================ -->
    <ClCompile Include="SimpleMath.cpp">
      <Filter>Engine\Math</Filter>
    </ClCompile>
    <ClCompile Include="MathUtils.cpp">
      <Filter>Engine\Math</Filter>
    </ClCompile>
    <!-- ============================================================ -->
    <!-- Engine\Camera                                                 -->
    <!-- ============================================================ -->
    <ClCompile Include="ModuleCamera.cpp">
      <Filter>Engine\Camera</Filter>
    </ClCompile>
    <!-- ============================================================ -->
    <!-- Engine\Scripting                                              -->
    <!-- ============================================================ -->
    <ClCompile Include="FileWatcher.cpp">
      <Filter>Engine\Scripting</Filter>
    </ClCompile>
    <ClCompile Include="HotReloadManager.cpp">
      <Filter>Engine\Scripting</Filter>
    </ClCompile>
    <!-- ============================================================ -->
    <!-- Engine\Scene                                                  -->
    <!-- ============================================================ -->
    <ClCompile Include="GameObject.cpp">
      <Filter>Engine\Scene</Filter>
    </ClCompile>
    <ClCompile Include="ModuleScene.cpp">
      <Filter>Engine\Scene</Filter>
    </ClCompile>
    <ClCompile Include="SceneManager.cpp">
      <Filter>Engine\Scene</Filter>
    </ClCompile>
    <!-- Engine\Scene\Components -->
    <ClCompile Include="ComponentFactory.cpp">
      <Filter>Engine\Scene\Components</Filter>
    </ClCompile>
    <ClCompile Include="ComponentTransform.cpp">
      <Filter>Engine\Scene\Components</Filter>
    </ClCompile>
    <ClCompile Include="ComponentMesh.cpp">
      <Filter>Engine\Scene\Components</Filter>
    </ClCompile>
    <ClCompile Include="ComponentCamera.cpp">
      <Filter>Engine\Scene\Components</Filter>
    </ClCompile>
    <ClCompile Include="ComponentLights.cpp">
      <Filter>Engine\Scene\Components</Filter>
    </ClCompile>
    <ClCompile Include="ComponentScript.cpp">
      <Filter>Engine\Scene\Components</Filter>
    </ClCompile>
    <ClCompile Include="ComponentAnimation.cpp">
      <Filter>Engine\Scene\Components</Filter>
    </ClCompile>
    <ClCompile Include="ComponentCharacterMotion.cpp">
      <Filter>Engine\Scene\Components</Filter>
    </ClCompile>
    <ClCompile Include="ComponentSimpleCharacterController.cpp">
      <Filter>Engine\Scene\Components</Filter>
    </ClCompile>
    <ClCompile Include="ComponentBounds.cpp">
      <Filter>Engine\Scene\Components</Filter>
    </ClCompile>
    <ClCompile Include="ComponentRigidbody.cpp">
      <Filter>Engine\Scene\Components</Filter>
    </ClCompile>
    <ClCompile Include="ComponentDecal.cpp">
      <Filter>Engine\Scene\Components</Filter>
    </ClCompile>
    <ClCompile Include="ComponentBillboard.cpp">
      <Filter>Engine\Scene\Components</Filter>
    </ClCompile>
    <ClCompile Include="ComponentParticleSystem.cpp">
      <Filter>Engine\Scene\Components</Filter>
    </ClCompile>
    <ClCompile Include="ComponentTrail.cpp">
      <Filter>Engine\Scene\Components</Filter>
    </ClCompile>
    <ClCompile Include="TrailPipeline.cpp">
      <Filter>Engine\Rendering\Pipelines</Filter>
    </ClCompile>
    <ClCompile Include="TrailPass.cpp">
      <Filter>Engine\Rendering\Passes</Filter>
    </ClCompile>
    <!-- Engine\Scene\Prefabs -->
    <ClCompile Include="PrefabManager.cpp">
      <Filter>Engine\Scene\Prefabs</Filter>
    </ClCompile>
    <!-- Engine\Scene\Primitives -->
    <ClCompile Include="PrimitiveFactory.cpp">
      <Filter>Engine\Scene\Primitives</Filter>
    </ClCompile>
    <!-- Engine\Scene\Serialization -->
    <ClCompile Include="SceneSerializer.cpp">
      <Filter>Engine\Scene\Serialization</Filter>
    </ClCompile>
    <!-- ============================================================ -->
    <!-- Engine\Animation                                              -->
    <!-- ============================================================ -->
    <ClCompile Include="AnimationController.cpp">
      <Filter>Engine\Animation</Filter>
    </ClCompile>
    <!-- ============================================================ -->
    <!-- Engine\Assets                                                 -->
    <!-- ============================================================ -->
    <ClCompile Include="ModuleAssets.cpp">
      <Filter>Engine\Assets</Filter>
    </ClCompile>
    <ClCompile Include="MetaFileManager.cpp">
      <Filter>Engine\Assets</Filter>
    </ClCompile>
    <!-- Engine\Assets\Importers -->
    <ClCompile Include="TextureImporter.cpp">
      <Filter>Engine\Assets\Importers</Filter>
    </ClCompile>
    <ClCompile Include="MaterialImporter.cpp">
      <Filter>Engine\Assets\Importers</Filter>
    </ClCompile>
    <ClCompile Include="MeshImporter.cpp">
      <Filter>Engine\Assets\Importers</Filter>
    </ClCompile>
    <ClCompile Include="AnimationImporter.cpp">
      <Filter>Engine\Assets\Importers</Filter>
    </ClCompile>
    <ClCompile Include="SceneImporter.cpp">
      <Filter>Engine\Assets\Importers</Filter>
    </ClCompile>
    <!-- ============================================================ -->
    <!-- Engine\Resources                                              -->
    <!-- ============================================================ -->
    <ClCompile Include="FileDialog.cpp">
      <Filter>Engine\Resources</Filter>
    </ClCompile>
    <ClCompile Include="ResourceTexture.cpp">
      <Filter>Engine\Resources</Filter>
    </ClCompile>
    <ClCompile Include="ResourceMesh.cpp">
      <Filter>Engine\Resources</Filter>
    </ClCompile>
    <ClCompile Include="ResourceMaterial.cpp">
      <Filter>Engine\Resources</Filter>
    </ClCompile>
    <ClCompile Include="ResourceModel.cpp">
      <Filter>Engine\Resources</Filter>
    </ClCompile>
    <ClCompile Include="ResourceAnimation.cpp">
      <Filter>Engine\Resources</Filter>
    </ClCompile>
    <ClCompile Include="ResourceStateMachine.cpp">
      <Filter>Engine\Resources</Filter>
    </ClCompile>
    <ClCompile Include="ModuleResources.cpp">
      <Filter>Engine\Resources</Filter>
    </ClCompile>
    <!-- ============================================================ -->
    <!-- Engine\Rendering                                              -->
    <!-- ============================================================ -->
    <ClCompile Include="RenderTexture.cpp">
      <Filter>Engine\Rendering</Filter>
    </ClCompile>
    <!-- Engine\Rendering\D3D12 -->
    <ClCompile Include="ModuleD3D12.cpp">
      <Filter>Engine\Rendering\D3D12</Filter>
    </ClCompile>
    <ClCompile Include="ModuleGPUResources.cpp">
      <Filter>Engine\Rendering\D3D12</Filter>
    </ClCompile>
    <ClCompile Include="ModuleStaticBuffer.cpp">
      <Filter>Engine\Rendering\D3D12</Filter>
    </ClCompile>
    <ClCompile Include="ModuleSamplerHeap.cpp">
      <Filter>Engine\Rendering\D3D12</Filter>
    </ClCompile>
    <ClCompile Include="ModuleRingBuffer.cpp">
      <Filter>Engine\Rendering\D3D12</Filter>
    </ClCompile>
    <ClCompile Include="CommandContext.cpp">
      <Filter>Engine\Rendering\D3D12</Filter>
    </ClCompile>
    <!-- Engine\Rendering\Descriptors -->
    <ClCompile Include="ModuleShaderDescriptors.cpp">
      <Filter>Engine\Rendering\Descriptors</Filter>
    </ClCompile>
    <ClCompile Include="RenderTargetDesc.cpp">
      <Filter>Engine\Rendering\Descriptors</Filter>
    </ClCompile>
    <ClCompile Include="ShaderTableDesc.cpp">
      <Filter>Engine\Rendering\Descriptors</Filter>
    </ClCompile>
    <ClCompile Include="DepthStencilDesc.cpp">
      <Filter>Engine\Rendering\Descriptors</Filter>
    </ClCompile>
    <!-- Engine\Rendering\GBuffer -->
    <ClCompile Include="GBuffer.cpp">
      <Filter>Engine\Rendering\GBuffer</Filter>
    </ClCompile>
    <!-- Engine\Rendering\Passes -->
    <ClCompile Include="ImGuiPass.cpp">
      <Filter>Engine\Rendering\Passes</Filter>
    </ClCompile>
    <ClCompile Include="DebugDrawPass.cpp">
      <Filter>Engine\Rendering\Passes</Filter>
    </ClCompile>
    <ClCompile Include="MeshRenderPass.cpp">
      <Filter>Engine\Rendering\Passes</Filter>
    </ClCompile>
    <ClCompile Include="SkinningPass.cpp">
      <Filter>Engine\Rendering\Passes</Filter>
    </ClCompile>
    <ClCompile Include="GBufferPass.cpp">
      <Filter>Engine\Rendering\Passes</Filter>
    </ClCompile>
    <ClCompile Include="DeferredLightingPass.cpp">
      <Filter>Engine\Rendering\Passes</Filter>
    </ClCompile>
    <ClCompile Include="LightCullingPass.cpp">
      <Filter>Engine\Rendering\Passes</Filter>
    </ClCompile>
    <ClCompile Include="DecalPass.cpp">
      <Filter>Engine\Rendering\Passes</Filter>
    </ClCompile>
    <ClCompile Include="BillboardPass.cpp">
      <Filter>Engine\Rendering\Passes</Filter>
    </ClCompile>
    <ClCompile Include="HDRToCubemapPass.cpp">
      <Filter>Engine\Rendering\Passes</Filter>
    </ClCompile>
    <!-- Engine\Rendering\Pipelines -->
    <ClCompile Include="MeshPipeline.cpp">
      <Filter>Engine\Rendering\Pipelines</Filter>
    </ClCompile>
    <ClCompile Include="GBufferPipeline.cpp">
      <Filter>Engine\Rendering\Pipelines</Filter>
    </ClCompile>
    <ClCompile Include="DeferredLightingPipeline.cpp">
      <Filter>Engine\Rendering\Pipelines</Filter>
    </ClCompile>
    <ClCompile Include="LightCullingPipeline.cpp">
      <Filter>Engine\Rendering\Pipelines</Filter>
    </ClCompile>
    <ClCompile Include="DecalPipeline.cpp">
      <Filter>Engine\Rendering\Pipelines</Filter>
    </ClCompile>
    <ClCompile Include="BillboardPipeline.cpp">
      <Filter>Engine\Rendering\Pipelines</Filter>
    </ClCompile>
    <!-- Engine\Rendering\Materials -->
    <ClCompile Include="Material.cpp">
      <Filter>Engine\Rendering\Materials</Filter>
    </ClCompile>
    <!-- Engine\Rendering\Geometry -->
    <ClCompile Include="Mesh.cpp">
      <Filter>Engine\Rendering\Geometry</Filter>
    </ClCompile>
    <ClCompile Include="Model.cpp">
      <Filter>Engine\Rendering\Geometry</Filter>
    </ClCompile>
    <!-- Engine\Rendering\Environment -->
    <ClCompile Include="EnvironmentGenerator.cpp">
      <Filter>Engine\Rendering\Environment</Filter>
    </ClCompile>
    <ClCompile Include="EnvironmentSystem.cpp">
      <Filter>Engine\Rendering\Environment</Filter>
    </ClCompile>
    <ClCompile Include="IBLGenerator.cpp">
      <Filter>Engine\Rendering\Environment</Filter>
    </ClCompile>
    <ClCompile Include="SkyboxRenderer.cpp">
      <Filter>Engine\Rendering\Environment</Filter>
    </ClCompile>
    <!-- ============================================================ -->
    <!-- Engine\Editor                                                 -->
    <!-- ============================================================ -->
    <ClCompile Include="ModuleEditor.cpp">
      <Filter>Engine\Editor</Filter>
    </ClCompile>
    <ClCompile Include="TestSceneSetup.cpp">
      <Filter>Engine\Editor</Filter>
    </ClCompile>
    <!-- Engine\Editor\Panels -->
    <ClCompile Include="EditorPanel.cpp">
      <Filter>Engine\Editor\Panels</Filter>
    </ClCompile>
    <ClCompile Include="EditorPanels.cpp">
      <Filter>Engine\Editor\Panels</Filter>
    </ClCompile>
    <ClCompile Include="AssetBrowserPanel.cpp">
      <Filter>Engine\Editor\Panels</Filter>
    </ClCompile>
    <ClCompile Include="HierarchyPanel.cpp">
      <Filter>Engine\Editor\Panels</Filter>
    </ClCompile>
    <ClCompile Include="InspectorPanel.cpp">
      <Filter>Engine\Editor\Panels</Filter>
    </ClCompile>
    <ClCompile Include="SceneSettingsPanel.cpp">
      <Filter>Engine\Editor\Panels</Filter>
    </ClCompile>
    <ClCompile Include="StateMachineGraphEditor.cpp">
      <Filter>Engine\Editor\Panels</Filter>
    </ClCompile>
    <!-- Engine\Editor\Panels\Viewports -->
    <ClCompile Include="GameViewPanel.cpp">
      <Filter>Engine\Editor\Panels\Viewports</Filter>
    </ClCompile>
    <ClCompile Include="SceneViewPanel.cpp">
      <Filter>Engine\Editor\Panels\Viewports</Filter>
    </ClCompile>
    <ClCompile Include="MousePicker.cpp">
      <Filter>Engine\Editor\Panels\Viewports</Filter>
    </ClCompile>
    <ClCompile Include="ViewportPanel.cpp">
      <Filter>Engine\Editor\Panels\Viewports</Filter>
    </ClCompile>
    <!-- Engine\Editor\Managers -->
    <ClCompile Include="DragDropManager.cpp">
      <Filter>Engine\Editor\Managers</Filter>
    </ClCompile>
    <!-- Engine\Editor\Platform -->
    <ClCompile Include="EngineDropTarget.cpp">
      <Filter>Engine\Editor\Platform</Filter>
    </ClCompile>
    <!-- ============================================================ -->
    <!-- Engine\Physics                                               -->
    <!-- ============================================================ -->
    <!-- Engine\Physics\Collision -->
    <ClCompile Include="CollisionSystem.cpp">
      <Filter>Engine\Physics\Collision</Filter>
    </ClCompile>
    <!-- Engine\Physics\Collision\BroadPhase -->
    <ClCompile Include="BruteForceBroadPhase.cpp">
      <Filter>Engine\Physics\Collision\BroadPhase</Filter>
    </ClCompile>
    <ClCompile Include="UniformGridBroadPhase.cpp">
      <Filter>Engine\Physics\Collision\BroadPhase</Filter>
    </ClCompile>
    <ClCompile Include="OctreeBroadPhase.cpp">
      <Filter>Engine\Physics\Collision\BroadPhase</Filter>
    </ClCompile>
    <!-- Engine\Physics\Collision\NarrowPhase -->
    <ClCompile Include="NarrowPhase.cpp">
      <Filter>Engine\Physics\Collision\NarrowPhase</Filter>
    </ClCompile>
    <!-- Engine\Physics\Response -->
    <ClCompile Include="CollisionResponse.cpp">
      <Filter>Engine\Physics\Response</Filter>
    </ClCompile>
  </ItemGroup>
  <ItemGroup>
    <!-- ============================================================ -->
    <!-- Engine\UI\ImGui  (third party — unchanged)                   -->
    <!-- ============================================================ -->
    <ClInclude Include="3rdParty\imgui-docking\imgui.h">
      <Filter>Engine\UI\ImGui</Filter>
    </ClInclude>
    <ClInclude Include="3rdParty\imgui-docking\imgui_internal.h">
      <Filter>Engine\UI\ImGui</Filter>
    </ClInclude>
    <ClInclude Include="3rdParty\ImGuizmo\ImGuizmo.h">
      <Filter>Engine\UI\ImGui</Filter>
    </ClInclude>
    <ClInclude Include="3rdParty\imgui-docking\backends\imgui_impl_dx12.h">
      <Filter>Engine\UI\ImGui\Backends</Filter>
    </ClInclude>
    <ClInclude Include="3rdParty\imgui-1.89.8\backends\imgui_impl_win32.h">
      <Filter>Engine\UI\ImGui\Backends</Filter>
    </ClInclude>
    <ClInclude Include="3rdParty\imgui-docking\backends\imgui_impl_win32.h">
      <Filter>Engine\UI\ImGui\Backends</Filter>
    </ClInclude>
    <!-- ============================================================ -->
    <!-- win                                                           -->
    <!-- ============================================================ -->
    <ClInclude Include="framework.h">
      <Filter>win</Filter>
    </ClInclude>
    <ClInclude Include="targetver.h">
      <Filter>win</Filter>
    </ClInclude>
    <ClInclude Include="Resource.h">
      <Filter>win</Filter>
    </ClInclude>
    <!-- ============================================================ -->
    <!-- Engine\Core                                                   -->
    <!-- ============================================================ -->
    <ClInclude Include="Application.h">
      <Filter>Engine\Core</Filter>
    </ClInclude>
    <ClInclude Include="Globals.h">
      <Filter>Engine\Core</Filter>
    </ClInclude>
    <ClInclude Include="ReadData.h">
      <Filter>Engine\Core</Filter>
    </ClInclude>
    <ClInclude Include="PhoenixEngine.h">
      <Filter>Engine\Core</Filter>
    </ClInclude>
    <ClInclude Include="PlatformHelpers.h">
      <Filter>Engine\Core</Filter>
    </ClInclude>
    <ClInclude Include="Module.h">
      <Filter>Engine\Core</Filter>
    </ClInclude>
    <ClInclude Include="ModuleFileSystem.h">
      <Filter>Engine\Core</Filter>
    </ClInclude>
    <ClInclude Include="HandleManager.h">
      <Filter>Engine\Core</Filter>
    </ClInclude>
    <!-- ============================================================ -->
    <!-- Engine\Input                                                  -->
    <!-- ============================================================ -->
    <ClInclude Include="GamePad.h">
      <Filter>Engine\Input</Filter>
    </ClInclude>
    <ClInclude Include="Keyboard.h">
      <Filter>Engine\Input</Filter>
    </ClInclude>
    <ClInclude Include="Mouse.h">
      <Filter>Engine\Input</Filter>
    </ClInclude>
    <ClInclude Include="ModuleInput.h">
      <Filter>Engine\Input</Filter>
    </ClInclude>
    <!-- ============================================================ -->
    <!-- Engine\Math                                                   -->
    <!-- ============================================================ -->
    <ClInclude Include="SimpleMath.h">
      <Filter>Engine\Math</Filter>
    </ClInclude>
    <ClInclude Include="MathUtils.h">
      <Filter>Engine\Math</Filter>
    </ClInclude>
    <!-- ============================================================ -->
    <!-- Engine\Camera                                                 -->
    <!-- ============================================================ -->
    <ClInclude Include="ModuleCamera.h">
      <Filter>Engine\Camera</Filter>
    </ClInclude>
    <ClInclude Include="Frustum.h">
      <Filter>Engine\Camera</Filter>
    </ClInclude>
    <ClInclude Include="FrustumDebugDraw.h">
      <Filter>Engine\Camera</Filter>
    </ClInclude>
    <!-- ============================================================ -->
    <!-- Engine\Scripting                                              -->
    <!-- ============================================================ -->
    <ClInclude Include="FileWatcher.h">
      <Filter>Engine\Scripting</Filter>
    </ClInclude>
    <ClInclude Include="IScript.h">
      <Filter>Engine\Scripting</Filter>
    </ClInclude>
    <ClInclude Include="IScriptFactory.h">
      <Filter>Engine\Scripting</Filter>
    </ClInclude>
    <ClInclude Include="ScriptExport.h">
      <Filter>Engine\Scripting</Filter>
    </ClInclude>
    <ClInclude Include="HotReloadManager.h">
      <Filter>Engine\Scripting</Filter>
    </ClInclude>
    <!-- ============================================================ -->
    <!-- Engine\Scene                                                  -->
    <!-- ============================================================ -->
    <ClInclude Include="Component.h">
      <Filter>Engine\Scene</Filter>
    </ClInclude>
    <ClInclude Include="GameObject.h">
      <Filter>Engine\Scene</Filter>
    </ClInclude>
    <ClInclude Include="IScene.h">
      <Filter>Engine\Scene</Filter>
    </ClInclude>
    <ClInclude Include="EmptyScene.h">
      <Filter>Engine\Scene</Filter>
    </ClInclude>
    <ClInclude Include="ModuleScene.h">
      <Filter>Engine\Scene</Filter>
    </ClInclude>
    <ClInclude Include="SceneManager.h">
      <Filter>Engine\Scene</Filter>
    </ClInclude>
    <ClInclude Include="EditorSceneSettings.h">
      <Filter>Engine\Scene</Filter>
    </ClInclude>
    <!-- Engine\Scene\Components -->
    <ClInclude Include="ComponentFactory.h">
      <Filter>Engine\Scene\Components</Filter>
    </ClInclude>
    <ClInclude Include="ComponentTransform.h">
      <Filter>Engine\Scene\Components</Filter>
    </ClInclude>
    <ClInclude Include="ComponentMesh.h">
      <Filter>Engine\Scene\Components</Filter>
    </ClInclude>
    <ClInclude Include="ComponentCamera.h">
      <Filter>Engine\Scene\Components</Filter>
    </ClInclude>
    <ClInclude Include="ComponentLights.h">
      <Filter>Engine\Scene\Components</Filter>
    </ClInclude>
    <ClInclude Include="ComponentScript.h">
      <Filter>Engine\Scene\Components</Filter>
    </ClInclude>
    <ClInclude Include="ComponentAnimation.h">
      <Filter>Engine\Scene\Components</Filter>
    </ClInclude>
    <ClInclude Include="ComponentCharacterMotion.h">
      <Filter>Engine\Scene\Components</Filter>
    </ClInclude>
    <ClInclude Include="ComponentSimpleCharacterController.h">
      <Filter>Engine\Scene\Components</Filter>
    </ClInclude>
    <ClInclude Include="ComponentBounds.h">
      <Filter>Engine\Scene\Components</Filter>
    </ClInclude>
    <ClInclude Include="ComponentRigidbody.h">
      <Filter>Engine\Scene\Components</Filter>
    </ClInclude>
    <ClInclude Include="ComponentDecal.h">
      <Filter>Engine\Scene\Components</Filter>
    </ClInclude>
    <ClInclude Include="ComponentBillboard.h">
      <Filter>Engine\Scene\Components</Filter>
    </ClInclude>
    <ClInclude Include="ComponentParticleSystem.h">
      <Filter>Engine\Scene\Components</Filter>
    </ClInclude>
    <ClInclude Include="Noise.h">
      <Filter>Engine\Scene\Components</Filter>
    </ClInclude>
    <ClInclude Include="ComponentTrail.h">
      <Filter>Engine\Scene\Components</Filter>
    </ClInclude>
    <ClInclude Include="TrailPipeline.h">
      <Filter>Engine\Rendering\Pipelines</Filter>
    </ClInclude>
    <ClInclude Include="TrailPass.h">
      <Filter>Engine\Rendering\Passes</Filter>
    </ClInclude>
    <!-- Engine\Scene\Prefabs -->
    <ClInclude Include="PrefabManager.h">
      <Filter>Engine\Scene\Prefabs</Filter>
    </ClInclude>
    <ClInclude Include="PrefabEditSession.h">
      <Filter>Engine\Scene\Prefabs</Filter>
    </ClInclude>
    <!-- Engine\Scene\Primitives -->
    <ClInclude Include="PrimitiveFactory.h">
      <Filter>Engine\Scene\Primitives</Filter>
    </ClInclude>
    <ClInclude Include="par_shapes.h">
      <Filter>Engine\Scene\Primitives</Filter>
    </ClInclude>
    <!-- Engine\Scene\Serialization -->
    <ClInclude Include="SceneSerializer.h">
      <Filter>Engine\Scene\Serialization</Filter>
    </ClInclude>
    <!-- ============================================================ -->
    <!-- Engine\Animation                                              -->
    <!-- ============================================================ -->
    <ClInclude Include="AnimationController.h">
      <Filter>Engine\Animation</Filter>
    </ClInclude>
    <!-- ============================================================ -->
    <!-- Engine\Assets                                                 -->
    <!-- ============================================================ -->
    <ClInclude Include="ModuleAssets.h">
      <Filter>Engine\Assets</Filter>
    </ClInclude>
    <ClInclude Include="MetaFileManager.h">
      <Filter>Engine\Assets</Filter>
    </ClInclude>
    <ClInclude Include="gltf_utils.h">
      <Filter>Engine\Assets</Filter>
    </ClInclude>
    <!-- Engine\Assets\Importers -->
    <ClInclude Include="TextureImporter.h">
      <Filter>Engine\Assets\Importers</Filter>
    </ClInclude>
    <ClInclude Include="MaterialImporter.h">
      <Filter>Engine\Assets\Importers</Filter>
    </ClInclude>
    <ClInclude Include="MeshImporter.h">
      <Filter>Engine\Assets\Importers</Filter>
    </ClInclude>
    <ClInclude Include="AnimationImporter.h">
      <Filter>Engine\Assets\Importers</Filter>
    </ClInclude>
    <ClInclude Include="SceneImporter.h">
      <Filter>Engine\Assets\Importers</Filter>
    </ClInclude>
    <ClInclude Include="ImporterUtils.h">
      <Filter>Engine\Assets\Importers</Filter>
    </ClInclude>
    <!-- ============================================================ -->
    <!-- Engine\Resources                                              -->
    <!-- ============================================================ -->
    <ClInclude Include="ResourceCommon.h">
      <Filter>Engine\Resources</Filter>
    </ClInclude>
    <ClInclude Include="MeshEntry.h">
      <Filter>Engine\Resources</Filter>
    </ClInclude>
    <ClInclude Include="ModuleResources.h">
      <Filter>Engine\Resources</Filter>
    </ClInclude>
    <ClInclude Include="FileDialog.h">
      <Filter>Engine\Resources</Filter>
    </ClInclude>
    <ClInclude Include="ResourceTexture.h">
      <Filter>Engine\Resources</Filter>
    </ClInclude>
    <ClInclude Include="ResourceMesh.h">
      <Filter>Engine\Resources</Filter>
    </ClInclude>
    <ClInclude Include="ResourceMaterial.h">
      <Filter>Engine\Resources</Filter>
    </ClInclude>
    <ClInclude Include="ResourceModel.h">
      <Filter>Engine\Resources</Filter>
    </ClInclude>
    <ClInclude Include="ResourceAnimation.h">
      <Filter>Engine\Resources</Filter>
    </ClInclude>
    <ClInclude Include="ResourceStateMachine.h">
      <Filter>Engine\Resources</Filter>
    </ClInclude>
    <!-- ============================================================ -->
    <!-- Engine\Rendering                                              -->
    <!-- ============================================================ -->
    <ClInclude Include="RenderTexture.h">
      <Filter>Engine\Rendering</Filter>
    </ClInclude>
    <!-- Engine\Rendering\D3D12 -->
    <ClInclude Include="ModuleD3D12.h">
      <Filter>Engine\Rendering\D3D12</Filter>
    </ClInclude>
    <ClInclude Include="ModuleGPUResources.h">
      <Filter>Engine\Rendering\D3D12</Filter>
    </ClInclude>
    <ClInclude Include="ModuleStaticBuffer.h">
      <Filter>Engine\Rendering\D3D12</Filter>
    </ClInclude>
    <ClInclude Include="ModuleSamplerHeap.h">
      <Filter>Engine\Rendering\D3D12</Filter>
    </ClInclude>
    <ClInclude Include="ModuleRingBuffer.h">
      <Filter>Engine\Rendering\D3D12</Filter>
    </ClInclude>
    <ClInclude Include="CommandContext.h">
      <Filter>Engine\Rendering\D3D12</Filter>
    </ClInclude>
    <!-- Engine\Rendering\Descriptors -->
    <ClInclude Include="DescriptorBase.h">
      <Filter>Engine\Rendering\Descriptors</Filter>
    </ClInclude>
    <ClInclude Include="ModuleDescriptorsBase.h">
      <Filter>Engine\Rendering\Descriptors</Filter>
    </ClInclude>
    <ClInclude Include="ModuleDSDescriptors.h">
      <Filter>Engine\Rendering\Descriptors</Filter>
    </ClInclude>
    <ClInclude Include="ModuleRTDescriptors.h">
      <Filter>Engine\Rendering\Descriptors</Filter>
    </ClInclude>
    <ClInclude Include="ModuleShaderDescriptors.h">
      <Filter>Engine\Rendering\Descriptors</Filter>
    </ClInclude>
    <ClInclude Include="RenderTargetDesc.h">
      <Filter>Engine\Rendering\Descriptors</Filter>
    </ClInclude>
    <ClInclude Include="ShaderTableDesc.h">
      <Filter>Engine\Rendering\Descriptors</Filter>
    </ClInclude>
    <ClInclude Include="DepthStencilDesc.h">
      <Filter>Engine\Rendering\Descriptors</Filter>
    </ClInclude>
    <!-- Engine\Rendering\GBuffer -->
    <ClInclude Include="GBuffer.h">
      <Filter>Engine\Rendering\GBuffer</Filter>
    </ClInclude>
    <!-- Engine\Rendering\Passes -->
    <ClInclude Include="debug_draw.hpp">
      <Filter>Engine\Rendering\Passes</Filter>
    </ClInclude>
    <ClInclude Include="ImGuiPass.h">
      <Filter>Engine\Rendering\Passes</Filter>
    </ClInclude>
    <ClInclude Include="DebugDrawPass.h">
      <Filter>Engine\Rendering\Passes</Filter>
    </ClInclude>
    <ClInclude Include="MeshRenderPass.h">
      <Filter>Engine\Rendering\Passes</Filter>
    </ClInclude>
    <ClInclude Include="SkinningPass.h">
      <Filter>Engine\Rendering\Passes</Filter>
    </ClInclude>
    <ClInclude Include="GBufferPass.h">
      <Filter>Engine\Rendering\Passes</Filter>
    </ClInclude>
    <ClInclude Include="DeferredLightingPass.h">
      <Filter>Engine\Rendering\Passes</Filter>
    </ClInclude>
    <ClInclude Include="LightCullingPass.h">
      <Filter>Engine\Rendering\Passes</Filter>
    </ClInclude>
    <ClInclude Include="DecalPass.h">
      <Filter>Engine\Rendering\Passes</Filter>
    </ClInclude>
    <ClInclude Include="BillboardPass.h">
      <Filter>Engine\Rendering\Passes</Filter>
    </ClInclude>
    <ClInclude Include="HDRToCubemapPass.h">
      <Filter>Engine\Rendering\Passes</Filter>
    </ClInclude>
    <!-- Engine\Rendering\Pipelines -->
    <ClInclude Include="MeshPipeline.h">
      <Filter>Engine\Rendering\Pipelines</Filter>
    </ClInclude>
    <ClInclude Include="GBufferPipeline.h">
      <Filter>Engine\Rendering\Pipelines</Filter>
    </ClInclude>
    <ClInclude Include="DeferredLightingPipeline.h">
      <Filter>Engine\Rendering\Pipelines</Filter>
    </ClInclude>
    <ClInclude Include="LightCullingPipeline.h">
      <Filter>Engine\Rendering\Pipelines</Filter>
    </ClInclude>
    <ClInclude Include="DecalPipeline.h">
      <Filter>Engine\Rendering\Pipelines</Filter>
    </ClInclude>
    <ClInclude Include="BillboardPipeline.h">
      <Filter>Engine\Rendering\Pipelines</Filter>
    </ClInclude>
    <!-- Engine\Rendering\Materials -->
    <ClInclude Include="Material.h">
      <Filter>Engine\Rendering\Materials</Filter>
    </ClInclude>
    <!-- Engine\Rendering\Geometry -->
    <ClInclude Include="Mesh.h">
      <Filter>Engine\Rendering\Geometry</Filter>
    </ClInclude>
    <ClInclude Include="Model.h">
      <Filter>Engine\Rendering\Geometry</Filter>
    </ClInclude>
    <!-- Engine\Rendering\Environment -->
    <ClInclude Include="EnvironmentGenerator.h">
      <Filter>Engine\Rendering\Environment</Filter>
    </ClInclude>
    <ClInclude Include="EnvironmentMap.h">
      <Filter>Engine\Rendering\Environment</Filter>
    </ClInclude>
    <ClInclude Include="EnvironmentSystem.h">
      <Filter>Engine\Rendering\Environment</Filter>
    </ClInclude>
    <ClInclude Include="IBLGenerator.h">
      <Filter>Engine\Rendering\Environment</Filter>
    </ClInclude>
    <ClInclude Include="IBLSettings.h">
      <Filter>Engine\Rendering\Environment</Filter>
    </ClInclude>
    <ClInclude Include="SkyboxRenderer.h">
      <Filter>Engine\Rendering\Environment</Filter>
    </ClInclude>
    <ClInclude Include="D3D12ResourceFactory.h">
      <Filter>Engine\Rendering\Environment</Filter>
    </ClInclude>
    <ClInclude Include="CubemapPipelineBuilder.h">
      <Filter>Engine\Rendering\Environment</Filter>
    </ClInclude>
    <ClInclude Include="CubeGeometry.h">
      <Filter>Engine\Rendering\Environment</Filter>
    </ClInclude>
    <ClInclude Include="CubeFaceRenderer.h">
      <Filter>Engine\Rendering\Environment</Filter>
    </ClInclude>
    <ClInclude Include="FaceProjection.h">
      <Filter>Engine\Rendering\Environment</Filter>
    </ClInclude>
    <ClInclude Include="FaceCB.h">
      <Filter>Engine\Rendering\Environment</Filter>
    </ClInclude>
    <!-- ============================================================ -->
    <!-- Engine\Editor                                                 -->
    <!-- ============================================================ -->
    <ClInclude Include="ModuleEditor.h">
      <Filter>Engine\Editor</Filter>
    </ClInclude>
    <ClInclude Include="EditorSelection.h">
      <Filter>Engine\Editor</Filter>
    </ClInclude>
    <ClInclude Include="EditorViewport.h">
      <Filter>Engine\Editor</Filter>
    </ClInclude>
    <ClInclude Include="EditorColors.h">
      <Filter>Engine\Editor</Filter>
    </ClInclude>
    <ClInclude Include="TestSceneSetup.h">
      <Filter>Engine\Editor</Filter>
    </ClInclude>
    <!-- Engine\Editor\Panels -->
    <ClInclude Include="EditorPanel.h">
      <Filter>Engine\Editor\Panels</Filter>
    </ClInclude>
    <ClInclude Include="EditorPanels.h">
      <Filter>Engine\Editor\Panels</Filter>
    </ClInclude>
    <ClInclude Include="AssetBrowserPanel.h">
      <Filter>Engine\Editor\Panels</Filter>
    </ClInclude>
    <ClInclude Include="AssetPickerWidget.h">
      <Filter>Engine\Editor\Panels</Filter>
    </ClInclude>
    <ClInclude Include="HierarchyPanel.h">
      <Filter>Engine\Editor\Panels</Filter>
    </ClInclude>
    <ClInclude Include="InspectorPanel.h">
      <Filter>Engine\Editor\Panels</Filter>
    </ClInclude>
    <ClInclude Include="SceneSettingsPanel.h">
      <Filter>Engine\Editor\Panels</Filter>
    </ClInclude>
    <ClInclude Include="StateMachineGraphEditor.h">
      <Filter>Engine\Editor\Panels</Filter>
    </ClInclude>
    <!-- Engine\Editor\Panels\Viewports -->
    <ClInclude Include="GameViewPanel.h">
      <Filter>Engine\Editor\Panels\Viewports</Filter>
    </ClInclude>
    <ClInclude Include="SceneViewPanel.h">
      <Filter>Engine\Editor\Panels\Viewports</Filter>
    </ClInclude>
    <ClInclude Include="MousePicker.h">
      <Filter>Engine\Editor\Panels\Viewports</Filter>
    </ClInclude>
    <ClInclude Include="ViewportPanel.h">
      <Filter>Engine\Editor\Panels\Viewports</Filter>
    </ClInclude>
    <!-- Engine\Editor\Managers -->
    <ClInclude Include="DragDropManager.h">
      <Filter>Engine\Editor\Managers</Filter>
    </ClInclude>
    <!-- Engine\Editor\Platform -->
    <ClInclude Include="EngineDropTarget.h">
      <Filter>Engine\Editor\Platform</Filter>
    </ClInclude>
    <!-- ============================================================ -->
    <!-- Engine\Physics                                               -->
    <!-- ============================================================ -->
    <!-- Engine\Physics\Volumes -->
    <ClInclude Include="BoundingVolume.h">
      <Filter>Engine\Physics\Volumes</Filter>
    </ClInclude>
    <!-- Engine\Physics\Collision -->
    <ClInclude Include="CollisionTypes.h">
      <Filter>Engine\Physics\Collision</Filter>
    </ClInclude>
    <ClInclude Include="CollisionSystem.h">
      <Filter>Engine\Physics\Collision</Filter>
    </ClInclude>
    <!-- Engine\Physics\Collision\BroadPhase -->
    <ClInclude Include="IBroadPhase.h">
      <Filter>Engine\Physics\Collision\BroadPhase</Filter>
    </ClInclude>
    <ClInclude Include="BruteForceBroadPhase.h">
      <Filter>Engine\Physics\Collision\BroadPhase</Filter>
    </ClInclude>
    <ClInclude Include="UniformGridBroadPhase.h">
      <Filter>Engine\Physics\Collision\BroadPhase</Filter>
    </ClInclude>
    <ClInclude Include="OctreeBroadPhase.h">
      <Filter>Engine\Physics\Collision\BroadPhase</Filter>
    </ClInclude>
    <!-- Engine\Physics\Collision\MidPhase -->
    <ClInclude Include="IMidPhase.h">
      <Filter>Engine\Physics\Collision\MidPhase</Filter>
    </ClInclude>
    <!-- Engine\Physics\Collision\NarrowPhase -->
    <ClInclude Include="NarrowPhase.h">
      <Filter>Engine\Physics\Collision\NarrowPhase</Filter>
    </ClInclude>
    <!-- Engine\Physics\Response -->
    <ClInclude Include="CollisionResponse.h">
      <Filter>Engine\Physics\Response</Filter>
    </ClInclude>
  </ItemGroup>
  <ItemGroup>
    <Image Include="small.ico">
      <Filter>win</Filter>
    </Image>
    <Image Include="Engine.ico">
      <Filter>win</Filter>
    </Image>
  </ItemGroup>
  <ItemGroup>
    <None Include="packages.config" />
    <!-- Engine\Math -->
    <None Include="SimpleMath.inl">
      <Filter>Engine\Math</Filter>
    </None>
    <!-- Shaders\Common -->
    <None Include="shaders\Common.hlsli">
      <Filter>Shaders\Common</Filter>
    </None>
    <None Include="shaders\ForwardPass.hlsli">
      <Filter>Shaders\Common</Filter>
    </None>
    <None Include="shaders\GBufferPass.hlsli">
      <Filter>Shaders\Common</Filter>
    </None>
    <None Include="shaders\GgxBrdf.hlsli">
      <Filter>Shaders\Common</Filter>
    </None>
    <None Include="shaders\ImageBasedLighting.hlsli">
      <Filter>Shaders\Common</Filter>
    </None>
    <None Include="shaders\Lighting.hlsli">
      <Filter>Shaders\Common</Filter>
    </None>
    <None Include="shaders\Lights.hlsli">
      <Filter>Shaders\Common</Filter>
    </None>
    <None Include="shaders\Material.hlsli">
      <Filter>Shaders\Common</Filter>
    </None>
    <None Include="shaders\Samplers.hlsli">
      <Filter>Shaders\Common</Filter>
    </None>
    <None Include="shaders\Sampling.hlsli">
      <Filter>Shaders\Common</Filter>
    </None>
    <None Include="shaders\Tonemap.hlsli">
      <Filter>Shaders\Common</Filter>
    </None>
  </ItemGroup>
  <ItemGroup>
    <ResourceCompile Include="Engine.rc">
      <Filter>win</Filter>
    </ResourceCompile>
  </ItemGroup>
  <ItemGroup>
    <!-- Shaders\Forward -->
    <FxCompile Include="shaders\MeshPS.hlsl">
      <Filter>Shaders\Forward</Filter>
    </FxCompile>
    <FxCompile Include="shaders\MeshVS.hlsl">
      <Filter>Shaders\Forward</Filter>
    </FxCompile>
    <FxCompile Include="shaders\PBRForwardPS.hlsl">
      <Filter>Shaders\Forward</Filter>
    </FxCompile>
    <FxCompile Include="shaders\PBRForwardVS.hlsl">
      <Filter>Shaders\Forward</Filter>
    </FxCompile>
    <FxCompile Include="shaders\TransparentForwardPS.hlsl">
      <Filter>Shaders\Forward</Filter>
    </FxCompile>
    <FxCompile Include="shaders\FullScreenVS.hlsl">
      <Filter>Shaders\Forward</Filter>
    </FxCompile>
    <!-- Shaders\GBuffer -->
    <FxCompile Include="shaders\GBufferPS.hlsl">
      <Filter>Shaders\GBuffer</Filter>
    </FxCompile>
    <FxCompile Include="shaders\GBufferVS.hlsl">
      <Filter>Shaders\GBuffer</Filter>
    </FxCompile>
    <!-- Shaders\Deferred -->
    <FxCompile Include="shaders\DeferredLightingPS.hlsl">
      <Filter>Shaders\Deferred</Filter>
    </FxCompile>
    <FxCompile Include="shaders\DeferredLightingVS.hlsl">
      <Filter>Shaders\Deferred</Filter>
    </FxCompile>
    <FxCompile Include="shaders\LightCullingCS.hlsl">
      <Filter>Shaders\Deferred</Filter>
    </FxCompile>
    <FxCompile Include="shaders\DecalVS.hlsl">
      <Filter>Shaders\Deferred</Filter>
    </FxCompile>
    <FxCompile Include="shaders\DecalPS.hlsl">
      <Filter>Shaders\Deferred</Filter>
    </FxCompile>
    <FxCompile Include="shaders\BillboardVS.hlsl">
      <Filter>Shaders\Forward</Filter>
    </FxCompile>
    <FxCompile Include="shaders\BillboardPS.hlsl">
      <Filter>Shaders\Forward</Filter>
    </FxCompile>
    <FxCompile Include="shaders\TrailVS.hlsl">
      <Filter>Shaders\Forward</Filter>
    </FxCompile>
    <FxCompile Include="shaders\TrailPS.hlsl">
      <Filter>Shaders\Forward</Filter>
    </FxCompile>
    <!-- Shaders\Environment -->
    <FxCompile Include="shaders\EnvironmentBRDFPS.hlsl">
      <Filter>Shaders\Environment</Filter>
    </FxCompile>
    <FxCompile Include="shaders\IrradianceMapPS.hlsl">
      <Filter>Shaders\Environment</Filter>
    </FxCompile>
    <FxCompile Include="shaders\PrefilterEnvMapPS.hlsl">
      <Filter>Shaders\Environment</Filter>
    </FxCompile>
    <FxCompile Include="shaders\SkyboxPS.hlsl">
      <Filter>Shaders\Environment</Filter>
    </FxCompile>
    <FxCompile Include="shaders\SkyboxVS.hlsl">
      <Filter>Shaders\Environment</Filter>
    </FxCompile>
    <FxCompile Include="shaders\HDRToCubemapPS.hlsl">
      <Filter>Shaders\Environment</Filter>
    </FxCompile>
    <FxCompile Include="shaders\MipChainPS.hlsl">
      <Filter>Shaders\Environment</Filter>
    </FxCompile>
    <!-- Shaders\Skinning -->
    <FxCompile Include="shaders\Skinning.hlsl">
      <Filter>Shaders\Skinning</Filter>
    </FxCompile>
    <FxCompile Include="shaders\SkinningCS.hlsl">
      <Filter>Shaders\Skinning</Filter>
    </FxCompile>
  </ItemGroup>
  <ItemGroup>
    <Filter Include="Engine">
      <UniqueIdentifier>{a1b2c3d4-0001-0000-0000-000000000001}</UniqueIdentifier>
    </Filter>
    <Filter Include="Engine\Core">
      <UniqueIdentifier>{a1b2c3d4-0001-0000-0000-000000000002}</UniqueIdentifier>
    </Filter>
    <Filter Include="Engine\Input">
      <UniqueIdentifier>{a1b2c3d4-0001-0000-0000-000000000003}</UniqueIdentifier>
    </Filter>
    <Filter Include="Engine\Math">
      <UniqueIdentifier>{a1b2c3d4-0001-0000-0000-000000000004}</UniqueIdentifier>
    </Filter>
    <Filter Include="Engine\Camera">
      <UniqueIdentifier>{a1b2c3d4-0001-0000-0000-000000000005}</UniqueIdentifier>
    </Filter>
    <Filter Include="Engine\Scripting">
      <UniqueIdentifier>{a1b2c3d4-0001-0000-0000-000000000006}</UniqueIdentifier>
    </Filter>
    <Filter Include="Engine\Scene">
      <UniqueIdentifier>{a1b2c3d4-0001-0000-0000-000000000007}</UniqueIdentifier>
    </Filter>
    <Filter Include="Engine\Scene\Components">
      <UniqueIdentifier>{a1b2c3d4-0001-0000-0000-000000000008}</UniqueIdentifier>
    </Filter>
    <Filter Include="Engine\Scene\Prefabs">
      <UniqueIdentifier>{a1b2c3d4-0001-0000-0000-000000000009}</UniqueIdentifier>
    </Filter>
    <Filter Include="Engine\Scene\Primitives">
      <UniqueIdentifier>{a1b2c3d4-0001-0000-0000-000000000010}</UniqueIdentifier>
    </Filter>
    <Filter Include="Engine\Scene\Serialization">
      <UniqueIdentifier>{a1b2c3d4-0001-0000-0000-000000000011}</UniqueIdentifier>
    </Filter>
    <Filter Include="Engine\Animation">
      <UniqueIdentifier>{a1b2c3d4-0001-0000-0000-000000000012}</UniqueIdentifier>
    </Filter>
    <Filter Include="Engine\Assets">
      <UniqueIdentifier>{a1b2c3d4-0001-0000-0000-000000000013}</UniqueIdentifier>
    </Filter>
    <Filter Include="Engine\Assets\Importers">
      <UniqueIdentifier>{a1b2c3d4-0001-0000-0000-000000000014}</UniqueIdentifier>
    </Filter>
    <Filter Include="Engine\Resources">
      <UniqueIdentifier>{a1b2c3d4-0001-0000-0000-000000000015}</UniqueIdentifier>
    </Filter>
    <Filter Include="Engine\Rendering">
      <UniqueIdentifier>{a1b2c3d4-0001-0000-0000-000000000016}</UniqueIdentifier>
    </Filter>
    <Filter Include="Engine\Rendering\D3D12">
      <UniqueIdentifier>{a1b2c3d4-0001-0000-0000-000000000017}</UniqueIdentifier>
    </Filter>
    <Filter Include="Engine\Rendering\Descriptors">
      <UniqueIdentifier>{a1b2c3d4-0001-0000-0000-000000000018}</UniqueIdentifier>
    </Filter>
    <Filter Include="Engine\Rendering\Geometry">
      <UniqueIdentifier>{a1b2c3d4-0001-0000-0000-000000000019}</UniqueIdentifier>
    </Filter>
    <Filter Include="Engine\Rendering\Materials">
      <UniqueIdentifier>{a1b2c3d4-0001-0000-0000-000000000020}</UniqueIdentifier>
    </Filter>
    <Filter Include="Engine\Rendering\GBuffer">
      <UniqueIdentifier>{a1b2c3d4-0001-0000-0000-000000000021}</UniqueIdentifier>
    </Filter>
    <Filter Include="Engine\Rendering\Passes">
      <UniqueIdentifier>{a1b2c3d4-0001-0000-0000-000000000022}</UniqueIdentifier>
    </Filter>
    <Filter Include="Engine\Rendering\Pipelines">
      <UniqueIdentifier>{a1b2c3d4-0001-0000-0000-000000000023}</UniqueIdentifier>
    </Filter>
    <Filter Include="Engine\Rendering\Environment">
      <UniqueIdentifier>{a1b2c3d4-0001-0000-0000-000000000024}</UniqueIdentifier>
    </Filter>
    <Filter Include="Engine\Editor">
      <UniqueIdentifier>{a1b2c3d4-0001-0000-0000-000000000025}</UniqueIdentifier>
    </Filter>
    <Filter Include="Engine\Editor\Panels">
      <UniqueIdentifier>{a1b2c3d4-0001-0000-0000-000000000026}</UniqueIdentifier>
    </Filter>
    <Filter Include="Engine\Editor\Panels\Viewports">
      <UniqueIdentifier>{a1b2c3d4-0001-0000-0000-000000000027}</UniqueIdentifier>
    </Filter>
    <Filter Include="Engine\Editor\Managers">
      <UniqueIdentifier>{a1b2c3d4-0001-0000-0000-000000000035}</UniqueIdentifier>
    </Filter>
    <Filter Include="Engine\Editor\Platform">
      <UniqueIdentifier>{a1b2c3d4-0001-0000-0000-000000000036}</UniqueIdentifier>
    </Filter>
    <Filter Include="Engine\Physics">
      <UniqueIdentifier>{a1b2c3d4-0001-0000-0000-000000000037}</UniqueIdentifier>
    </Filter>
    <Filter Include="Engine\Physics\Volumes">
      <UniqueIdentifier>{a1b2c3d4-0001-0000-0000-000000000038}</UniqueIdentifier>
    </Filter>
    <Filter Include="Engine\Physics\Collision">
      <UniqueIdentifier>{a1b2c3d4-0001-0000-0000-000000000039}</UniqueIdentifier>
    </Filter>
    <Filter Include="Engine\Physics\Collision\BroadPhase">
      <UniqueIdentifier>{a1b2c3d4-0001-0000-0000-000000000040}</UniqueIdentifier>
    </Filter>
    <Filter Include="Engine\Physics\Collision\MidPhase">
      <UniqueIdentifier>{a1b2c3d4-0001-0000-0000-000000000041}</UniqueIdentifier>
    </Filter>
    <Filter Include="Engine\Physics\Collision\NarrowPhase">
      <UniqueIdentifier>{a1b2c3d4-0001-0000-0000-000000000042}</UniqueIdentifier>
    </Filter>
    <Filter Include="Engine\Physics\Response">
      <UniqueIdentifier>{a1b2c3d4-0001-0000-0000-000000000043}</UniqueIdentifier>
    </Filter>
    <Filter Include="Engine\UI">
      <UniqueIdentifier>{a1b2c3d4-0001-0000-0000-000000000028}</UniqueIdentifier>
    </Filter>
    <Filter Include="Engine\UI\ImGui">
      <UniqueIdentifier>{63f02602-225f-4f0a-9213-e082ed36c04d}</UniqueIdentifier>
    </Filter>
    <Filter Include="Engine\UI\ImGui\Backends">
      <UniqueIdentifier>{dc6caaf3-8679-4ed8-bff9-f6e2c612bf5a}</UniqueIdentifier>
    </Filter>
    <Filter Include="win">
      <UniqueIdentifier>{ef73e4b0-04e2-49c1-a096-c5dba20c0af1}</UniqueIdentifier>
    </Filter>
    <Filter Include="Shaders">
      <UniqueIdentifier>{2763b0bf-8de5-40bd-826e-2f3c6d2bd54a}</UniqueIdentifier>
    </Filter>
    <Filter Include="Shaders\Common">
      <UniqueIdentifier>{a1b2c3d4-0001-0000-0000-000000000029}</UniqueIdentifier>
    </Filter>
    <Filter Include="Shaders\Forward">
      <UniqueIdentifier>{a1b2c3d4-0001-0000-0000-000000000030}</UniqueIdentifier>
    </Filter>
    <Filter Include="Shaders\GBuffer">
      <UniqueIdentifier>{a1b2c3d4-0001-0000-0000-000000000031}</UniqueIdentifier>
    </Filter>
    <Filter Include="Shaders\Deferred">
      <UniqueIdentifier>{a1b2c3d4-0001-0000-0000-000000000032}</UniqueIdentifier>
    </Filter>
    <Filter Include="Shaders\Environment">
      <UniqueIdentifier>{a1b2c3d4-0001-0000-0000-000000000033}</UniqueIdentifier>
    </Filter>
    <Filter Include="Shaders\Skinning">
      <UniqueIdentifier>{a1b2c3d4-0001-0000-0000-000000000034}</UniqueIdentifier>
    </Filter>
  </ItemGroup>
</Project>
